
Microsoft Visual Studio Solution File, Format Version 12.00
# Visual Studio Version 16
VisualStudioVersion = 16.0.31424.327
MinimumVisualStudioVersion = 10.0.40219.1
Project("{FAE04EC0-301F-11D3-BF4B-00C04F79EFBC}") = "RLE_BWT", "RLE_BWT\RLE_BWT.csproj", "{99C94112-C780-4ED5-B143-3861D5163A5A}"
EndProject
Global
	GlobalSection(SolutionConfigurationPlatforms) = preSolution
		Debug|Any CPU = Debug|Any CPU
		Release|Any CPU = Release|Any CPU
	EndGlobalSection
	GlobalSection(ProjectConfigurationPlatforms) = postSolution
		{99C94112-C780-4ED5-B143-3861D5163A5A}.Debug|Any CPU.ActiveCfg = Debug|Any CPU
		{99C94112-C780-4ED5-B143-3861D5163A5A}.Debug|Any CPU.Build.0 = Debug|Any CPU
		{99C94112-C780-4ED5-B143-3861D5163A5A}.Release|Any CPU.ActiveCfg = Release|Any CPU
		{99C94112-C780-4ED5-B143-3861D5163A5A}.Release|Any CPU.Build.0 = Release|Any CPU
	EndGlobalSection
	GlobalSection(SolutionProperties) = preSolution
		HideSolutionNode = FALSE
	EndGlobalSection
	GlobalSection(ExtensibilityGlobals) = postSolution
		SolutionGuid = {F56683E3-BCC2-4A5F-81D5-BE5A25B5C1CE}
	EndGlobalSection
EndGlobal
